
Microsoft Visual Studio Solution File, Format Version 12.00
# Visual Studio Version 17
VisualStudioVersion = 17.14.36221.1 d17.14
MinimumVisualStudioVersion = 10.0.40219.1
Project("{8BC9CEB8-8B4A-11D0-8D11-00A0C91BC942}") = "Game", "Game\Game.vcxproj", "{62441424-8681-45A9-9468-5DDE5302A307}"
EndProject
Project("{8BC9CEB8-8B4A-11D0-8D11-00A0C91BC942}") = "Engine", "Engine\Engine.vcxproj", "{6294C8A0-068D-4B66-A057-3CAE05A40F83}"
EndProject
Global
	GlobalSection(SolutionConfigurationPlatforms) = preSolution
		Debug|x64 = Debug|x64
		Debug|x86 = Debug|x86
		Release|x64 = Release|x64
		Release|x86 = Release|x86
	EndGlobalSection
	GlobalSection(ProjectConfigurationPlatforms) = postSolution
		{62441424-8681-45A9-9468-5DDE5302A307}.Debug|x64.ActiveCfg = Debug|x64
		{62441424-8681-45A9-9468-5DDE5302A307}.Debug|x64.Build.0 = Debug|x64
		{62441424-8681-45A9-9468-5DDE5302A307}.Debug|x86.ActiveCfg = Debug|Win32
		{62441424-8681-45A9-9468-5DDE5302A307}.Debug|x86.Build.0 = Debug|Win32
		{62441424-8681-45A9-9468-5DDE5302A307}.Release|x64.ActiveCfg = Release|x64
		{62441424-8681-45A9-9468-5DDE5302A307}.Release|x64.Build.0 = Release|x64
		{62441424-8681-45A9-9468-5DDE5302A307}.Release|x86.ActiveCfg = Release|Win32
		{62441424-8681-45A9-9468-5DDE5302A307}.Release|x86.Build.0 = Release|Win32
		{6294C8A0-068D-4B66-A057-3CAE05A40F83}.Debug|x64.ActiveCfg = Debug|x64
		{6294C8A0-068D-4B66-A057-3CAE05A40F83}.Debug|x64.Build.0 = Debug|x64
		{6294C8A0-068D-4B66-A057-3CAE05A40F83}.Debug|x86.ActiveCfg = Debug|Win32
		{6294C8A0-068D-4B66-A057-3CAE05A40F83}.Debug|x86.Build.0 = Debug|Win32
		{6294C8A0-068D-4B66-A057-3CAE05A40F83}.Release|x64.ActiveCfg = Release|x64
		{6294C8A0-068D-4B66-A057-3CAE05A40F83}.Release|x64.Build.0 = Release|x64
		{6294C8A0-068D-4B66-A057-3CAE05A40F83}.Release|x86.ActiveCfg = Release|Win32
		{6294C8A0-068D-4B66-A057-3CAE05A40F83}.Release|x86.Build.0 = Release|Win32
	EndGlobalSection
	GlobalSection(SolutionProperties) = preSolution
		HideSolutionNode = FALSE
	EndGlobalSection
	GlobalSection(ExtensibilityGlobals) = postSolution
		SolutionGuid = {0E12E3A9-28BD-48AB-A603-61AFCC18676B}
	EndGlobalSection
EndGlobal
